
Microsoft Visual Studio Solution File, Format Version 12.00
Project("{FAE04EC0-301F-11D3-BF4B-00C04F79EFBC}") = "EndpointVersioningTests", "EndpointVersioningTests\EndpointVersioningTests.csproj", "{94C65BD0-5C52-4672-9566-60FFA4F500AE}"
EndProject
Project("{FAE04EC0-301F-11D3-BF4B-00C04F79EFBC}") = "EndpointVersioning", "EndpointVersioning\EndpointVersioning.csproj", "{1C0B15D4-D90A-4A47-BDC9-035236282D73}"
EndProject
Project("{FAE04EC0-301F-11D3-BF4B-00C04F79EFBC}") = "ApiVersioning", "ApiVersioning\ApiVersioning.csproj", "{BA7145FE-5FFC-403C-85FF-17A25F1245E8}"
EndProject
Global
	GlobalSection(SolutionConfigurationPlatforms) = preSolution
		Debug|Any CPU = Debug|Any CPU
		Release|Any CPU = Release|Any CPU
	EndGlobalSection
	GlobalSection(ProjectConfigurationPlatforms) = postSolution
		{94C65BD0-5C52-4672-9566-60FFA4F500AE}.Debug|Any CPU.ActiveCfg = Debug|Any CPU
		{94C65BD0-5C52-4672-9566-60FFA4F500AE}.Debug|Any CPU.Build.0 = Debug|Any CPU
		{94C65BD0-5C52-4672-9566-60FFA4F500AE}.Release|Any CPU.ActiveCfg = Release|Any CPU
		{94C65BD0-5C52-4672-9566-60FFA4F500AE}.Release|Any CPU.Build.0 = Release|Any CPU
		{1C0B15D4-D90A-4A47-BDC9-035236282D73}.Debug|Any CPU.ActiveCfg = Debug|Any CPU
		{1C0B15D4-D90A-4A47-BDC9-035236282D73}.Debug|Any CPU.Build.0 = Debug|Any CPU
		{1C0B15D4-D90A-4A47-BDC9-035236282D73}.Release|Any CPU.ActiveCfg = Release|Any CPU
		{1C0B15D4-D90A-4A47-BDC9-035236282D73}.Release|Any CPU.Build.0 = Release|Any CPU
		{BA7145FE-5FFC-403C-85FF-17A25F1245E8}.Debug|Any CPU.ActiveCfg = Debug|Any CPU
		{BA7145FE-5FFC-403C-85FF-17A25F1245E8}.Debug|Any CPU.Build.0 = Debug|Any CPU
		{BA7145FE-5FFC-403C-85FF-17A25F1245E8}.Release|Any CPU.ActiveCfg = Release|Any CPU
		{BA7145FE-5FFC-403C-85FF-17A25F1245E8}.Release|Any CPU.Build.0 = Release|Any CPU
	EndGlobalSection
EndGlobal
